
Microsoft Visual Studio Solution File, Format Version 12.00
# Visual Studio Version 17
VisualStudioVersion = 17.14.36310.24 d17.14
MinimumVisualStudioVersion = 10.0.40219.1
Project("{FAE04EC0-301F-11D3-BF4B-00C04F79EFBC}") = "SyncFusion Bottom Sheet", "SyncFusion Bottom Sheet.csproj", "{726CD06B-83AD-40EC-ADCA-238D561E29AD}"
EndProject
Global
	GlobalSection(SolutionConfigurationPlatforms) = preSolution
		Debug|Any CPU = Debug|Any CPU
		Release|Any CPU = Release|Any CPU
	EndGlobalSection
	GlobalSection(ProjectConfigurationPlatforms) = postSolution
		{726CD06B-83AD-40EC-ADCA-238D561E29AD}.Debug|Any CPU.ActiveCfg = Debug|Any CPU
		{726CD06B-83AD-40EC-ADCA-238D561E29AD}.Debug|Any CPU.Build.0 = Debug|Any CPU
		{726CD06B-83AD-40EC-ADCA-238D561E29AD}.Release|Any CPU.ActiveCfg = Release|Any CPU
		{726CD06B-83AD-40EC-ADCA-238D561E29AD}.Release|Any CPU.Build.0 = Release|Any CPU
	EndGlobalSection
	GlobalSection(SolutionProperties) = preSolution
		HideSolutionNode = FALSE
	EndGlobalSection
	GlobalSection(ExtensibilityGlobals) = postSolution
		SolutionGuid = {0ACFCAC9-ADDA-4966-BDCE-3678A7595FD0}
	EndGlobalSection
EndGlobal
